
Microsoft Visual Studio Solution File, Format Version 12.00
# Visual Studio Version 16
VisualStudioVersion = 16.0.29001.49
MinimumVisualStudioVersion = 10.0.40219.1
Project("{FAE04EC0-301F-11D3-BF4B-00C04F79EFBC}") = "TokenService", "TokenService\TokenService.csproj", "{B3DA6F5B-7464-4AC2-8BD8-3F096B0E9945}"
EndProject
Global
	GlobalSection(SolutionConfigurationPlatforms) = preSolution
		Debug|Any CPU = Debug|Any CPU
		Release|Any CPU = Release|Any CPU
	EndGlobalSection
	GlobalSection(ProjectConfigurationPlatforms) = postSolution
		{B3DA6F5B-7464-4AC2-8BD8-3F096B0E9945}.Debug|Any CPU.ActiveCfg = Debug|Any CPU
		{B3DA6F5B-7464-4AC2-8BD8-3F096B0E9945}.Debug|Any CPU.Build.0 = Debug|Any CPU
		{B3DA6F5B-7464-4AC2-8BD8-3F096B0E9945}.Release|Any CPU.ActiveCfg = Release|Any CPU
		{B3DA6F5B-7464-4AC2-8BD8-3F096B0E9945}.Release|Any CPU.Build.0 = Release|Any CPU
	EndGlobalSection
	GlobalSection(SolutionProperties) = preSolution
		HideSolutionNode = FALSE
	EndGlobalSection
	GlobalSection(ExtensibilityGlobals) = postSolution
		SolutionGuid = {79CCB63B-D435-4F8E-8CDB-2E741207566C}
	EndGlobalSection
EndGlobal
